<Solution>
  <Project Path="samples/FloatSoda.Samples.OverlayApp/FloatSoda.Samples.OverlayApp.csproj" />
  <Project Path="samples/FloatSoda.Samples.PaintingSample/FloatSoda.Samples.PaintingSample.csproj" />
  <Project Path="src/FloatSoda.Engine/FloatSoda.Engine.csproj" />
  <Project Path="src/FloatSoda/FloatSoda.csproj" />
</Solution>
 